
Microsoft Visual Studio Solution File, Format Version 12.00
# Visual Studio 2012
Project("{FAE04EC0-301F-11D3-BF4B-00C04F79EFBC}") = "Interface", "Interface\Interface.csproj", "{5CCD2925-BB25-496E-824F-3894A4FBF968}"
EndProject
Project("{FAE04EC0-301F-11D3-BF4B-00C04F79EFBC}") = "Implementation", "Implementation\Implementation.csproj", "{CE47C6A2-2E5E-466F-B10C-B2B82DE3F7E1}"
EndProject
Project("{FAE04EC0-301F-11D3-BF4B-00C04F79EFBC}") = "ServiceTestConsole", "ServiceTestConsole\ServiceTestConsole.csproj", "{6E73B7BD-2C7A-40CB-94FE-747D7ABDFBF9}"
EndProject
Project("{FAE04EC0-301F-11D3-BF4B-00C04F79EFBC}") = "BridgeTests", "BridgeTests\BridgeTests.csproj", "{DA67F532-24D5-40E7-8237-97A48F1249D7}"
EndProject
Project("{2150E333-8FDC-42A3-9474-1A3956D46DE8}") = ".nuget", ".nuget", "{2A647D69-6A90-41F4-A0B5-8670AC3DF5D0}"
	ProjectSection(SolutionItems) = preProject
		.nuget\NuGet.Config = .nuget\NuGet.Config
		.nuget\NuGet.exe = .nuget\NuGet.exe
		.nuget\NuGet.targets = .nuget\NuGet.targets
	EndProjectSection
EndProject
Project("{FAE04EC0-301F-11D3-BF4B-00C04F79EFBC}") = "OpenEngSB3.0.0", "OpenEngSB3.0.0\OpenEngSB3.0.0.csproj", "{C90B32C2-D26C-4930-86A0-7649ABC3EDB5}"
EndProject
Project("{FAE04EC0-301F-11D3-BF4B-00C04F79EFBC}") = "RuntimeTests", "RuntimeTests\RuntimeTests.csproj", "{0CABCAA8-7AC3-4CEA-8235-FF21500D2255}"
EndProject
Global
	GlobalSection(SolutionConfigurationPlatforms) = preSolution
		Debug|Any CPU = Debug|Any CPU
		Debug|Mixed Platforms = Debug|Mixed Platforms
		Debug|x64 = Debug|x64
		Debug|x86 = Debug|x86
		Release|Any CPU = Release|Any CPU
		Release|Mixed Platforms = Release|Mixed Platforms
		Release|x64 = Release|x64
		Release|x86 = Release|x86
	EndGlobalSection
	GlobalSection(ProjectConfigurationPlatforms) = postSolution
		{5CCD2925-BB25-496E-824F-3894A4FBF968}.Debug|Any CPU.ActiveCfg = Debug|Any CPU
		{5CCD2925-BB25-496E-824F-3894A4FBF968}.Debug|Any CPU.Build.0 = Debug|Any CPU
		{5CCD2925-BB25-496E-824F-3894A4FBF968}.Debug|Mixed Platforms.ActiveCfg = Debug|Any CPU
		{5CCD2925-BB25-496E-824F-3894A4FBF968}.Debug|Mixed Platforms.Build.0 = Debug|Any CPU
		{5CCD2925-BB25-496E-824F-3894A4FBF968}.Debug|x64.ActiveCfg = Debug|Any CPU
		{5CCD2925-BB25-496E-824F-3894A4FBF968}.Debug|x86.ActiveCfg = Debug|Any CPU
		{5CCD2925-BB25-496E-824F-3894A4FBF968}.Release|Any CPU.ActiveCfg = Release|Any CPU
		{5CCD2925-BB25-496E-824F-3894A4FBF968}.Release|Any CPU.Build.0 = Release|Any CPU
		{5CCD2925-BB25-496E-824F-3894A4FBF968}.Release|Mixed Platforms.ActiveCfg = Release|Any CPU
		{5CCD2925-BB25-496E-824F-3894A4FBF968}.Release|Mixed Platforms.Build.0 = Release|Any CPU
		{5CCD2925-BB25-496E-824F-3894A4FBF968}.Release|x64.ActiveCfg = Release|Any CPU
		{5CCD2925-BB25-496E-824F-3894A4FBF968}.Release|x86.ActiveCfg = Release|Any CPU
		{CE47C6A2-2E5E-466F-B10C-B2B82DE3F7E1}.Debug|Any CPU.ActiveCfg = Debug|Any CPU
		{CE47C6A2-2E5E-466F-B10C-B2B82DE3F7E1}.Debug|Any CPU.Build.0 = Debug|Any CPU
		{CE47C6A2-2E5E-466F-B10C-B2B82DE3F7E1}.Debug|Mixed Platforms.ActiveCfg = Debug|Any CPU
		{CE47C6A2-2E5E-466F-B10C-B2B82DE3F7E1}.Debug|Mixed Platforms.Build.0 = Debug|Any CPU
		{CE47C6A2-2E5E-466F-B10C-B2B82DE3F7E1}.Debug|x64.ActiveCfg = Debug|Any CPU
		{CE47C6A2-2E5E-466F-B10C-B2B82DE3F7E1}.Debug|x86.ActiveCfg = Debug|Any CPU
		{CE47C6A2-2E5E-466F-B10C-B2B82DE3F7E1}.Release|Any CPU.ActiveCfg = Release|Any CPU
		{CE47C6A2-2E5E-466F-B10C-B2B82DE3F7E1}.Release|Any CPU.Build.0 = Release|Any CPU
		{CE47C6A2-2E5E-466F-B10C-B2B82DE3F7E1}.Release|Mixed Platforms.ActiveCfg = Release|Any CPU
		{CE47C6A2-2E5E-466F-B10C-B2B82DE3F7E1}.Release|Mixed Platforms.Build.0 = Release|Any CPU
		{CE47C6A2-2E5E-466F-B10C-B2B82DE3F7E1}.Release|x64.ActiveCfg = Release|Any CPU
		{CE47C6A2-2E5E-466F-B10C-B2B82DE3F7E1}.Release|x86.ActiveCfg = Release|Any CPU
		{6E73B7BD-2C7A-40CB-94FE-747D7ABDFBF9}.Debug|Any CPU.ActiveCfg = Debug|x86
		{6E73B7BD-2C7A-40CB-94FE-747D7ABDFBF9}.Debug|Any CPU.Build.0 = Debug|x86
		{6E73B7BD-2C7A-40CB-94FE-747D7ABDFBF9}.Debug|Mixed Platforms.ActiveCfg = Debug|x86
		{6E73B7BD-2C7A-40CB-94FE-747D7ABDFBF9}.Debug|Mixed Platforms.Build.0 = Debug|x86
		{6E73B7BD-2C7A-40CB-94FE-747D7ABDFBF9}.Debug|x64.ActiveCfg = Debug|x64
		{6E73B7BD-2C7A-40CB-94FE-747D7ABDFBF9}.Debug|x64.Build.0 = Debug|x64
		{6E73B7BD-2C7A-40CB-94FE-747D7ABDFBF9}.Debug|x86.ActiveCfg = Debug|x86
		{6E73B7BD-2C7A-40CB-94FE-747D7ABDFBF9}.Debug|x86.Build.0 = Debug|x86
		{6E73B7BD-2C7A-40CB-94FE-747D7ABDFBF9}.Release|Any CPU.ActiveCfg = Release|x86
		{6E73B7BD-2C7A-40CB-94FE-747D7ABDFBF9}.Release|Mixed Platforms.ActiveCfg = Release|x86
		{6E73B7BD-2C7A-40CB-94FE-747D7ABDFBF9}.Release|Mixed Platforms.Build.0 = Release|x86
		{6E73B7BD-2C7A-40CB-94FE-747D7ABDFBF9}.Release|x64.ActiveCfg = Release|x64
		{6E73B7BD-2C7A-40CB-94FE-747D7ABDFBF9}.Release|x64.Build.0 = Release|x64
		{6E73B7BD-2C7A-40CB-94FE-747D7ABDFBF9}.Release|x86.ActiveCfg = Release|x86
		{6E73B7BD-2C7A-40CB-94FE-747D7ABDFBF9}.Release|x86.Build.0 = Release|x86
		{DA67F532-24D5-40E7-8237-97A48F1249D7}.Debug|Any CPU.ActiveCfg = Debug|Any CPU
		{DA67F532-24D5-40E7-8237-97A48F1249D7}.Debug|Any CPU.Build.0 = Debug|Any CPU
		{DA67F532-24D5-40E7-8237-97A48F1249D7}.Debug|Mixed Platforms.ActiveCfg = Debug|Any CPU
		{DA67F532-24D5-40E7-8237-97A48F1249D7}.Debug|Mixed Platforms.Build.0 = Debug|Any CPU
		{DA67F532-24D5-40E7-8237-97A48F1249D7}.Debug|x64.ActiveCfg = Debug|Any CPU
		{DA67F532-24D5-40E7-8237-97A48F1249D7}.Debug|x86.ActiveCfg = Debug|Any CPU
		{DA67F532-24D5-40E7-8237-97A48F1249D7}.Release|Any CPU.ActiveCfg = Release|Any CPU
		{DA67F532-24D5-40E7-8237-97A48F1249D7}.Release|Any CPU.Build.0 = Release|Any CPU
		{DA67F532-24D5-40E7-8237-97A48F1249D7}.Release|Mixed Platforms.ActiveCfg = Release|Any CPU
		{DA67F532-24D5-40E7-8237-97A48F1249D7}.Release|Mixed Platforms.Build.0 = Release|Any CPU
		{DA67F532-24D5-40E7-8237-97A48F1249D7}.Release|x64.ActiveCfg = Release|Any CPU
		{DA67F532-24D5-40E7-8237-97A48F1249D7}.Release|x86.ActiveCfg = Release|Any CPU
		{C90B32C2-D26C-4930-86A0-7649ABC3EDB5}.Debug|Any CPU.ActiveCfg = Debug|Any CPU
		{C90B32C2-D26C-4930-86A0-7649ABC3EDB5}.Debug|Any CPU.Build.0 = Debug|Any CPU
		{C90B32C2-D26C-4930-86A0-7649ABC3EDB5}.Debug|Mixed Platforms.ActiveCfg = Debug|Any CPU
		{C90B32C2-D26C-4930-86A0-7649ABC3EDB5}.Debug|Mixed Platforms.Build.0 = Debug|Any CPU
		{C90B32C2-D26C-4930-86A0-7649ABC3EDB5}.Debug|x64.ActiveCfg = Debug|Any CPU
		{C90B32C2-D26C-4930-86A0-7649ABC3EDB5}.Debug|x86.ActiveCfg = Debug|Any CPU
		{C90B32C2-D26C-4930-86A0-7649ABC3EDB5}.Release|Any CPU.ActiveCfg = Release|Any CPU
		{C90B32C2-D26C-4930-86A0-7649ABC3EDB5}.Release|Any CPU.Build.0 = Release|Any CPU
		{C90B32C2-D26C-4930-86A0-7649ABC3EDB5}.Release|Mixed Platforms.ActiveCfg = Release|Any CPU
		{C90B32C2-D26C-4930-86A0-7649ABC3EDB5}.Release|Mixed Platforms.Build.0 = Release|Any CPU
		{C90B32C2-D26C-4930-86A0-7649ABC3EDB5}.Release|x64.ActiveCfg = Release|Any CPU
		{C90B32C2-D26C-4930-86A0-7649ABC3EDB5}.Release|x86.ActiveCfg = Release|Any CPU
		{0CABCAA8-7AC3-4CEA-8235-FF21500D2255}.Debug|Any CPU.ActiveCfg = Debug|Any CPU
		{0CABCAA8-7AC3-4CEA-8235-FF21500D2255}.Debug|Any CPU.Build.0 = Debug|Any CPU
		{0CABCAA8-7AC3-4CEA-8235-FF21500D2255}.Debug|Mixed Platforms.ActiveCfg = Debug|Any CPU
		{0CABCAA8-7AC3-4CEA-8235-FF21500D2255}.Debug|Mixed Platforms.Build.0 = Debug|Any CPU
		{0CABCAA8-7AC3-4CEA-8235-FF21500D2255}.Debug|x64.ActiveCfg = Debug|Any CPU
		{0CABCAA8-7AC3-4CEA-8235-FF21500D2255}.Debug|x86.ActiveCfg = Debug|Any CPU
		{0CABCAA8-7AC3-4CEA-8235-FF21500D2255}.Release|Any CPU.ActiveCfg = Release|Any CPU
		{0CABCAA8-7AC3-4CEA-8235-FF21500D2255}.Release|Any CPU.Build.0 = Release|Any CPU
		{0CABCAA8-7AC3-4CEA-8235-FF21500D2255}.Release|Mixed Platforms.ActiveCfg = Release|Any CPU
		{0CABCAA8-7AC3-4CEA-8235-FF21500D2255}.Release|Mixed Platforms.Build.0 = Release|Any CPU
		{0CABCAA8-7AC3-4CEA-8235-FF21500D2255}.Release|x64.ActiveCfg = Release|Any CPU
		{0CABCAA8-7AC3-4CEA-8235-FF21500D2255}.Release|x86.ActiveCfg = Release|Any CPU
	EndGlobalSection
	GlobalSection(SolutionProperties) = preSolution
		HideSolutionNode = FALSE
	EndGlobalSection
EndGlobal
