
Microsoft Visual Studio Solution File, Format Version 12.00
# Visual Studio 2012
Project("{FAE04EC0-301F-11D3-BF4B-00C04F79EFBC}") = "Example", "Example\Example.csproj", "{0251E808-5AAD-4638-B886-D8CDC69E2EAD}"
EndProject
Project("{FAE04EC0-301F-11D3-BF4B-00C04F79EFBC}") = "SonaType", "Sonatype\SonaType.csproj", "{E261FD60-68E1-496F-B802-8766BCD8F9EA}"
EndProject
Project("{FAE04EC0-301F-11D3-BF4B-00C04F79EFBC}") = "OpenEngSBConnection", "OpenEngSBConnection\OpenEngSBConnection.csproj", "{4B7428BA-9371-4141-B40B-F22E4CC05408}"
EndProject
Project("{FAE04EC0-301F-11D3-BF4B-00C04F79EFBC}") = "SonaTypeTests", "SonaTypeTests\SonaTypeTests.csproj", "{BBFDD1C4-039F-4FBE-8BDB-D1C3DD9AA557}"
EndProject
Global
	GlobalSection(SolutionConfigurationPlatforms) = preSolution
		Debug|Any CPU = Debug|Any CPU
		Release|Any CPU = Release|Any CPU
	EndGlobalSection
	GlobalSection(ProjectConfigurationPlatforms) = postSolution
		{0251E808-5AAD-4638-B886-D8CDC69E2EAD}.Debug|Any CPU.ActiveCfg = Debug|Any CPU
		{0251E808-5AAD-4638-B886-D8CDC69E2EAD}.Debug|Any CPU.Build.0 = Debug|Any CPU
		{0251E808-5AAD-4638-B886-D8CDC69E2EAD}.Release|Any CPU.ActiveCfg = Release|Any CPU
		{0251E808-5AAD-4638-B886-D8CDC69E2EAD}.Release|Any CPU.Build.0 = Release|Any CPU
		{E261FD60-68E1-496F-B802-8766BCD8F9EA}.Debug|Any CPU.ActiveCfg = Debug|Any CPU
		{E261FD60-68E1-496F-B802-8766BCD8F9EA}.Debug|Any CPU.Build.0 = Debug|Any CPU
		{E261FD60-68E1-496F-B802-8766BCD8F9EA}.Release|Any CPU.ActiveCfg = Release|Any CPU
		{E261FD60-68E1-496F-B802-8766BCD8F9EA}.Release|Any CPU.Build.0 = Release|Any CPU
		{4B7428BA-9371-4141-B40B-F22E4CC05408}.Debug|Any CPU.ActiveCfg = Debug|Any CPU
		{4B7428BA-9371-4141-B40B-F22E4CC05408}.Debug|Any CPU.Build.0 = Debug|Any CPU
		{4B7428BA-9371-4141-B40B-F22E4CC05408}.Release|Any CPU.ActiveCfg = Release|Any CPU
		{4B7428BA-9371-4141-B40B-F22E4CC05408}.Release|Any CPU.Build.0 = Release|Any CPU
		{BBFDD1C4-039F-4FBE-8BDB-D1C3DD9AA557}.Debug|Any CPU.ActiveCfg = Debug|Any CPU
		{BBFDD1C4-039F-4FBE-8BDB-D1C3DD9AA557}.Debug|Any CPU.Build.0 = Debug|Any CPU
		{BBFDD1C4-039F-4FBE-8BDB-D1C3DD9AA557}.Release|Any CPU.ActiveCfg = Release|Any CPU
		{BBFDD1C4-039F-4FBE-8BDB-D1C3DD9AA557}.Release|Any CPU.Build.0 = Release|Any CPU
	EndGlobalSection
	GlobalSection(SolutionProperties) = preSolution
		HideSolutionNode = FALSE
	EndGlobalSection
EndGlobal
