
Microsoft Visual Studio Solution File, Format Version 11.00
# Visual Studio 2010
Project("{FAE04EC0-301F-11D3-BF4B-00C04F79EFBC}") = "ETMTCP", "ETMTCP\ETMTCP.csproj", "{C63B34FA-BE65-4674-8572-7432A938BA36}"
EndProject
Project("{2150E333-8FDC-42A3-9474-1A3956D46DE8}") = "Solution Items", "Solution Items", "{9201549E-CBC7-473D-A595-81DE0EEC57EB}"
	ProjectSection(SolutionItems) = preProject
		ETM1.vsmdi = ETM1.vsmdi
		Local.testsettings = Local.testsettings
		TraceAndTestImpact.testsettings = TraceAndTestImpact.testsettings
	EndProjectSection
EndProject
Project("{FAE04EC0-301F-11D3-BF4B-00C04F79EFBC}") = "Protocols", "Protocols\Protocols.csproj", "{64A58547-111A-4F3D-A37D-8189326E1DB1}"
EndProject
Global
	GlobalSection(TestCaseManagementSettings) = postSolution
		CategoryFile = ETM1.vsmdi
	EndGlobalSection
	GlobalSection(SolutionConfigurationPlatforms) = preSolution
		Debug|Any CPU = Debug|Any CPU
		Debug|Mixed Platforms = Debug|Mixed Platforms
		Debug|x86 = Debug|x86
		Release|Any CPU = Release|Any CPU
		Release|Mixed Platforms = Release|Mixed Platforms
		Release|x86 = Release|x86
	EndGlobalSection
	GlobalSection(ProjectConfigurationPlatforms) = postSolution
		{C63B34FA-BE65-4674-8572-7432A938BA36}.Debug|Any CPU.ActiveCfg = Debug|Any CPU
		{C63B34FA-BE65-4674-8572-7432A938BA36}.Debug|Any CPU.Build.0 = Debug|Any CPU
		{C63B34FA-BE65-4674-8572-7432A938BA36}.Debug|Mixed Platforms.ActiveCfg = Debug|Any CPU
		{C63B34FA-BE65-4674-8572-7432A938BA36}.Debug|Mixed Platforms.Build.0 = Debug|Any CPU
		{C63B34FA-BE65-4674-8572-7432A938BA36}.Debug|x86.ActiveCfg = Debug|Any CPU
		{C63B34FA-BE65-4674-8572-7432A938BA36}.Release|Any CPU.ActiveCfg = Release|Any CPU
		{C63B34FA-BE65-4674-8572-7432A938BA36}.Release|Any CPU.Build.0 = Release|Any CPU
		{C63B34FA-BE65-4674-8572-7432A938BA36}.Release|Mixed Platforms.ActiveCfg = Release|Any CPU
		{C63B34FA-BE65-4674-8572-7432A938BA36}.Release|Mixed Platforms.Build.0 = Release|Any CPU
		{C63B34FA-BE65-4674-8572-7432A938BA36}.Release|x86.ActiveCfg = Release|Any CPU
		{64A58547-111A-4F3D-A37D-8189326E1DB1}.Debug|Any CPU.ActiveCfg = Debug|Any CPU
		{64A58547-111A-4F3D-A37D-8189326E1DB1}.Debug|Any CPU.Build.0 = Debug|Any CPU
		{64A58547-111A-4F3D-A37D-8189326E1DB1}.Debug|Mixed Platforms.ActiveCfg = Debug|Any CPU
		{64A58547-111A-4F3D-A37D-8189326E1DB1}.Debug|Mixed Platforms.Build.0 = Debug|Any CPU
		{64A58547-111A-4F3D-A37D-8189326E1DB1}.Debug|x86.ActiveCfg = Debug|Any CPU
		{64A58547-111A-4F3D-A37D-8189326E1DB1}.Release|Any CPU.ActiveCfg = Release|Any CPU
		{64A58547-111A-4F3D-A37D-8189326E1DB1}.Release|Any CPU.Build.0 = Release|Any CPU
		{64A58547-111A-4F3D-A37D-8189326E1DB1}.Release|Mixed Platforms.ActiveCfg = Release|Any CPU
		{64A58547-111A-4F3D-A37D-8189326E1DB1}.Release|Mixed Platforms.Build.0 = Release|Any CPU
		{64A58547-111A-4F3D-A37D-8189326E1DB1}.Release|x86.ActiveCfg = Release|Any CPU
	EndGlobalSection
	GlobalSection(SolutionProperties) = preSolution
		HideSolutionNode = FALSE
	EndGlobalSection
EndGlobal
